// !$*UTF8*$!
{
	archiveVersion = 1;
	classes = {};
	objectVersion = 56;
	objects = {

/* Begin PBXBuildFile section */
		94C53D4F77D746FB9BA87AA2 /* MakeupChatApp.swift in Sources */ = {isa = PBXBuildFile; fileRef = A9FE529D4BC044C396CA4227 /* MakeupChatApp.swift */; };
		DA2C2791BB5442D0BC3BA009 /* ContentView.swift in Sources */ = {isa = PBXBuildFile; fileRef = A9747FCCB7F547C3BAE4887E /* ContentView.swift */; };
		2523368BC39D4AB6B17EA273 /* ChatMessage.swift in Sources */ = {isa = PBXBuildFile; fileRef = BCC34FED806B434BAD257D1F /* ChatMessage.swift */; };
		3E90D0F2006B4B9A9ADD93C5 /* Schema.swift in Sources */ = {isa = PBXBuildFile; fileRef = 44B414B198D546CE9321B355 /* Schema.swift */; };
		694B445D13824FDF8809DAF4 /* DatabaseManager.swift in Sources */ = {isa = PBXBuildFile; fileRef = 7E9117D951164A11B294AF99 /* DatabaseManager.swift */; };
		3EC40817A317437E88E3C9D7 /* DatabaseSeeder.swift in Sources */ = {isa = PBXBuildFile; fileRef = A358D58B86F7443EA069BD88 /* DatabaseSeeder.swift */; };
		6D975E4BA6E64AA49E01264D /* UserRepository.swift in Sources */ = {isa = PBXBuildFile; fileRef = 14147BD02DCC4C06855FD2EC /* UserRepository.swift */; };
		79B2CFC26A394DD19A0A7364 /* ChatRepository.swift in Sources */ = {isa = PBXBuildFile; fileRef = 4CFBB8002A5547F5B0EF296D /* ChatRepository.swift */; };
		BB7B76350D6A421FA2DE6EF6 /* MakeupCatalogRepository.swift in Sources */ = {isa = PBXBuildFile; fileRef = 628AF1751DF24ED0B74B8A3D /* MakeupCatalogRepository.swift */; };
		C69E9FEDF3C34DBA966B3A59 /* ChatSessionService.swift in Sources */ = {isa = PBXBuildFile; fileRef = 33FBFB611D4640EEB40356B2 /* ChatSessionService.swift */; };
		5047A9FA67F1474381C61E8C /* ChatViewModel.swift in Sources */ = {isa = PBXBuildFile; fileRef = B5714514B2ED4183A2C28841 /* ChatViewModel.swift */; };
		38B8CAAA82004DEF91EA858C /* GradientBackgroundView.swift in Sources */ = {isa = PBXBuildFile; fileRef = 2EE35C522FB54F5BB1EE4D6F /* GradientBackgroundView.swift */; };
		DA668CE566084739B1A4EF2A /* ProfileHeaderView.swift in Sources */ = {isa = PBXBuildFile; fileRef = 41179DF757554497BB0AB188 /* ProfileHeaderView.swift */; };
		A02CDA3485174786820EC531 /* TipBarView.swift in Sources */ = {isa = PBXBuildFile; fileRef = 9C9B351ECED74C73A8459947 /* TipBarView.swift */; };
		53E8CBCCCF194C1BBF7E507A /* ChatBubbleView.swift in Sources */ = {isa = PBXBuildFile; fileRef = 352B65EC17654C4C80DFC118 /* ChatBubbleView.swift */; };
		F170284E0DE14C918272F301 /* MakeupInputBar.swift in Sources */ = {isa = PBXBuildFile; fileRef = A7C70A603C5E4D7980006DA5 /* MakeupInputBar.swift */; };
		8F7E8139C1AA42BC9A33091F /* SuggestionChipsView.swift in Sources */ = {isa = PBXBuildFile; fileRef = 2B21F45B7C354E6CA70F6C6C /* SuggestionChipsView.swift */; };
		BAD3C7230D4B4DE88434B5F6 /* ChatConversationView.swift in Sources */ = {isa = PBXBuildFile; fileRef = 9F010541023A46DDB0B9E925 /* ChatConversationView.swift */; };
		33EB2F8ABF91433891598ABC /* NegativeOneScreen01View.swift in Sources */ = {isa = PBXBuildFile; fileRef = CC14FEEA9B6F481CB0F42722 /* NegativeOneScreen01View.swift */; };
		E06C3DDDD958474CB1AACA73 /* NegativeOneScreen02View.swift in Sources */ = {isa = PBXBuildFile; fileRef = 4B3E85DB8B214D02BFC42D7B /* NegativeOneScreen02View.swift */; };
		F1E2D3C4B5A6478990123401 /* AppSession.swift in Sources */ = {isa = PBXBuildFile; fileRef = F1E2D3C4B5A6478990123400 /* AppSession.swift */; };
		F1E2D3C4B5A6478990123403 /* CameraPickerView.swift in Sources */ = {isa = PBXBuildFile; fileRef = F1E2D3C4B5A6478990123402 /* CameraPickerView.swift */; };
		F1E2D3C4B5A6478990123405 /* MakeupFlowHeaderView.swift in Sources */ = {isa = PBXBuildFile; fileRef = F1E2D3C4B5A6478990123404 /* MakeupFlowHeaderView.swift */; };
		F1E2D3C4B5A6478990123407 /* WeatherSummaryCard.swift in Sources */ = {isa = PBXBuildFile; fileRef = F1E2D3C4B5A6478990123406 /* WeatherSummaryCard.swift */; };
		F1E2D3C4B5A6478990123409 /* OnboardingStepRow.swift in Sources */ = {isa = PBXBuildFile; fileRef = F1E2D3C4B5A6478990123408 /* OnboardingStepRow.swift */; };
		F1E2D3C4B5A647899012340B /* FaceScanService.swift in Sources */ = {isa = PBXBuildFile; fileRef = F1E2D3C4B5A647899012340A /* FaceScanService.swift */; };
		F1E2D3C4B5A647899012340D /* HomeView.swift in Sources */ = {isa = PBXBuildFile; fileRef = F1E2D3C4B5A647899012340C /* HomeView.swift */; };
		F1E2D3C4B5A647899012340F /* FirstTimeUseView.swift in Sources */ = {isa = PBXBuildFile; fileRef = F1E2D3C4B5A647899012340E /* FirstTimeUseView.swift */; };
		F1E2D3C4B5A6478990123411 /* MakeupPreviewView.swift in Sources */ = {isa = PBXBuildFile; fileRef = F1E2D3C4B5A6478990123410 /* MakeupPreviewView.swift */; };
		F1E2D3C4B5A6478990123413 /* PlaceholderTabView.swift in Sources */ = {isa = PBXBuildFile; fileRef = F1E2D3C4B5A6478990123412 /* PlaceholderTabView.swift */; };
		44F0B9DB94704E6E9DF16510 /* Assets.xcassets in Resources */ = {isa = PBXBuildFile; fileRef = CB614DDD28CF4F778179F430 /* Assets.xcassets */; };
/* End PBXBuildFile section */

/* Begin PBXFileReference section */
		A1000000000000000000000E /* MakeupChat.app */ = {isa = PBXFileReference; explicitFileType = wrapper.application; includeInIndex = 0; path = MakeupChat.app; sourceTree = BUILT_PRODUCTS_DIR; };
		A9FE529D4BC044C396CA4227 /* MakeupChatApp.swift */ = {isa = PBXFileReference; lastKnownFileType = sourcecode.swift; path = MakeupChatApp.swift; sourceTree = "<group>"; };
		A9747FCCB7F547C3BAE4887E /* ContentView.swift */ = {isa = PBXFileReference; lastKnownFileType = sourcecode.swift; path = ContentView.swift; sourceTree = "<group>"; };
		BCC34FED806B434BAD257D1F /* ChatMessage.swift */ = {isa = PBXFileReference; lastKnownFileType = sourcecode.swift; path = ChatMessage.swift; sourceTree = "<group>"; };
		44B414B198D546CE9321B355 /* Schema.swift */ = {isa = PBXFileReference; lastKnownFileType = sourcecode.swift; path = Schema.swift; sourceTree = "<group>"; };
		7E9117D951164A11B294AF99 /* DatabaseManager.swift */ = {isa = PBXFileReference; lastKnownFileType = sourcecode.swift; path = DatabaseManager.swift; sourceTree = "<group>"; };
		A358D58B86F7443EA069BD88 /* DatabaseSeeder.swift */ = {isa = PBXFileReference; lastKnownFileType = sourcecode.swift; path = DatabaseSeeder.swift; sourceTree = "<group>"; };
		14147BD02DCC4C06855FD2EC /* UserRepository.swift */ = {isa = PBXFileReference; lastKnownFileType = sourcecode.swift; path = UserRepository.swift; sourceTree = "<group>"; };
		4CFBB8002A5547F5B0EF296D /* ChatRepository.swift */ = {isa = PBXFileReference; lastKnownFileType = sourcecode.swift; path = ChatRepository.swift; sourceTree = "<group>"; };
		628AF1751DF24ED0B74B8A3D /* MakeupCatalogRepository.swift */ = {isa = PBXFileReference; lastKnownFileType = sourcecode.swift; path = MakeupCatalogRepository.swift; sourceTree = "<group>"; };
		33FBFB611D4640EEB40356B2 /* ChatSessionService.swift */ = {isa = PBXFileReference; lastKnownFileType = sourcecode.swift; path = ChatSessionService.swift; sourceTree = "<group>"; };
		B5714514B2ED4183A2C28841 /* ChatViewModel.swift */ = {isa = PBXFileReference; lastKnownFileType = sourcecode.swift; path = ChatViewModel.swift; sourceTree = "<group>"; };
		2EE35C522FB54F5BB1EE4D6F /* GradientBackgroundView.swift */ = {isa = PBXFileReference; lastKnownFileType = sourcecode.swift; path = GradientBackgroundView.swift; sourceTree = "<group>"; };
		41179DF757554497BB0AB188 /* ProfileHeaderView.swift */ = {isa = PBXFileReference; lastKnownFileType = sourcecode.swift; path = ProfileHeaderView.swift; sourceTree = "<group>"; };
		9C9B351ECED74C73A8459947 /* TipBarView.swift */ = {isa = PBXFileReference; lastKnownFileType = sourcecode.swift; path = TipBarView.swift; sourceTree = "<group>"; };
		352B65EC17654C4C80DFC118 /* ChatBubbleView.swift */ = {isa = PBXFileReference; lastKnownFileType = sourcecode.swift; path = ChatBubbleView.swift; sourceTree = "<group>"; };
		A7C70A603C5E4D7980006DA5 /* MakeupInputBar.swift */ = {isa = PBXFileReference; lastKnownFileType = sourcecode.swift; path = MakeupInputBar.swift; sourceTree = "<group>"; };
		2B21F45B7C354E6CA70F6C6C /* SuggestionChipsView.swift */ = {isa = PBXFileReference; lastKnownFileType = sourcecode.swift; path = SuggestionChipsView.swift; sourceTree = "<group>"; };
		9F010541023A46DDB0B9E925 /* ChatConversationView.swift */ = {isa = PBXFileReference; lastKnownFileType = sourcecode.swift; path = ChatConversationView.swift; sourceTree = "<group>"; };
		CC14FEEA9B6F481CB0F42722 /* NegativeOneScreen01View.swift */ = {isa = PBXFileReference; lastKnownFileType = sourcecode.swift; path = NegativeOneScreen01View.swift; sourceTree = "<group>"; };
		4B3E85DB8B214D02BFC42D7B /* NegativeOneScreen02View.swift */ = {isa = PBXFileReference; lastKnownFileType = sourcecode.swift; path = NegativeOneScreen02View.swift; sourceTree = "<group>"; };
		F1E2D3C4B5A6478990123400 /* AppSession.swift */ = {isa = PBXFileReference; lastKnownFileType = sourcecode.swift; path = AppSession.swift; sourceTree = "<group>"; };
		F1E2D3C4B5A6478990123402 /* CameraPickerView.swift */ = {isa = PBXFileReference; lastKnownFileType = sourcecode.swift; path = CameraPickerView.swift; sourceTree = "<group>"; };
		F1E2D3C4B5A6478990123404 /* MakeupFlowHeaderView.swift */ = {isa = PBXFileReference; lastKnownFileType = sourcecode.swift; path = MakeupFlowHeaderView.swift; sourceTree = "<group>"; };
		F1E2D3C4B5A6478990123406 /* WeatherSummaryCard.swift */ = {isa = PBXFileReference; lastKnownFileType = sourcecode.swift; path = WeatherSummaryCard.swift; sourceTree = "<group>"; };
		F1E2D3C4B5A6478990123408 /* OnboardingStepRow.swift */ = {isa = PBXFileReference; lastKnownFileType = sourcecode.swift; path = OnboardingStepRow.swift; sourceTree = "<group>"; };
		F1E2D3C4B5A647899012340A /* FaceScanService.swift */ = {isa = PBXFileReference; lastKnownFileType = sourcecode.swift; path = FaceScanService.swift; sourceTree = "<group>"; };
		F1E2D3C4B5A647899012340C /* HomeView.swift */ = {isa = PBXFileReference; lastKnownFileType = sourcecode.swift; path = HomeView.swift; sourceTree = "<group>"; };
		F1E2D3C4B5A647899012340E /* FirstTimeUseView.swift */ = {isa = PBXFileReference; lastKnownFileType = sourcecode.swift; path = FirstTimeUseView.swift; sourceTree = "<group>"; };
		F1E2D3C4B5A6478990123410 /* MakeupPreviewView.swift */ = {isa = PBXFileReference; lastKnownFileType = sourcecode.swift; path = MakeupPreviewView.swift; sourceTree = "<group>"; };
		F1E2D3C4B5A6478990123412 /* PlaceholderTabView.swift */ = {isa = PBXFileReference; lastKnownFileType = sourcecode.swift; path = PlaceholderTabView.swift; sourceTree = "<group>"; };
		CB614DDD28CF4F778179F430 /* Assets.xcassets */ = {isa = PBXFileReference; lastKnownFileType = folder.assetcatalog; path = Assets.xcassets; sourceTree = "<group>"; };
/* End PBXFileReference section */

/* Begin PBXFrameworksBuildPhase section */
		1C6469BD271A4DF890A397D4 /* Frameworks */ = {
			isa = PBXFrameworksBuildPhase;
			buildActionMask = 2147483647;
			files = (
			);
			runOnlyForDeploymentPostprocessing = 0;
		};
/* End PBXFrameworksBuildPhase section */

/* Begin PBXGroup section */
		A1000000000000000000000B = {
			isa = PBXGroup;
			children = (
				A1000000000000000000000D /* MakeupChat */,
				A1000000000000000000000C /* Products */,
			);
			sourceTree = "<group>";
		};
		A1000000000000000000000C /* Products */ = {
			isa = PBXGroup;
			children = (
				A1000000000000000000000E /* MakeupChat.app */,
			);
			name = Products;
			sourceTree = "<group>";
		};
		A1000000000000000000000D /* MakeupChat */ = {
			isa = PBXGroup;
			children = (
				A9FE529D4BC044C396CA4227 /* MakeupChatApp.swift */,
				A9747FCCB7F547C3BAE4887E /* ContentView.swift */,
				763DBCEE8CDB4C7FB3E6C04B /* Models */,
				CE5FD59F8A8A4296B42F3941 /* Database */,
				F5B91C48A97D4BC4A4462B11 /* Repositories */,
				6DC73FEF13974020A35FAC71 /* Services */,
				FCF2946BCADB456995C67B75 /* ViewModels */,
				1B44333E55CD4644BA094212 /* Components */,
				E65193498C3C4312A8C94A22 /* Views */,
				B2025703D3F24F61988032A2 /* Resources */,
			);
			path = MakeupChat;
			sourceTree = "<group>";
		};
		763DBCEE8CDB4C7FB3E6C04B /* Models */ = {
			isa = PBXGroup;
			children = (
				BCC34FED806B434BAD257D1F /* ChatMessage.swift */,
				F1E2D3C4B5A6478990123400 /* AppSession.swift */,
			);
			path = Models;
			sourceTree = "<group>";
		};
		CE5FD59F8A8A4296B42F3941 /* Database */ = {
			isa = PBXGroup;
			children = (
				44B414B198D546CE9321B355 /* Schema.swift */,
				7E9117D951164A11B294AF99 /* DatabaseManager.swift */,
				A358D58B86F7443EA069BD88 /* DatabaseSeeder.swift */,
			);
			path = Database;
			sourceTree = "<group>";
		};
		F5B91C48A97D4BC4A4462B11 /* Repositories */ = {
			isa = PBXGroup;
			children = (
				14147BD02DCC4C06855FD2EC /* UserRepository.swift */,
				4CFBB8002A5547F5B0EF296D /* ChatRepository.swift */,
				628AF1751DF24ED0B74B8A3D /* MakeupCatalogRepository.swift */,
			);
			path = Repositories;
			sourceTree = "<group>";
		};
		6DC73FEF13974020A35FAC71 /* Services */ = {
			isa = PBXGroup;
			children = (
				33FBFB611D4640EEB40356B2 /* ChatSessionService.swift */,
				F1E2D3C4B5A647899012340A /* FaceScanService.swift */,
			);
			path = Services;
			sourceTree = "<group>";
		};
		FCF2946BCADB456995C67B75 /* ViewModels */ = {
			isa = PBXGroup;
			children = (
				B5714514B2ED4183A2C28841 /* ChatViewModel.swift */,
			);
			path = ViewModels;
			sourceTree = "<group>";
		};
		1B44333E55CD4644BA094212 /* Components */ = {
			isa = PBXGroup;
			children = (
				2EE35C522FB54F5BB1EE4D6F /* GradientBackgroundView.swift */,
				41179DF757554497BB0AB188 /* ProfileHeaderView.swift */,
				9C9B351ECED74C73A8459947 /* TipBarView.swift */,
				352B65EC17654C4C80DFC118 /* ChatBubbleView.swift */,
				A7C70A603C5E4D7980006DA5 /* MakeupInputBar.swift */,
				2B21F45B7C354E6CA70F6C6C /* SuggestionChipsView.swift */,
				F1E2D3C4B5A6478990123402 /* CameraPickerView.swift */,
				F1E2D3C4B5A6478990123404 /* MakeupFlowHeaderView.swift */,
				F1E2D3C4B5A6478990123406 /* WeatherSummaryCard.swift */,
				F1E2D3C4B5A6478990123408 /* OnboardingStepRow.swift */,
			);
			path = Components;
			sourceTree = "<group>";
		};
		E65193498C3C4312A8C94A22 /* Views */ = {
			isa = PBXGroup;
			children = (
				F1E2D3C4B5A647899012340C /* HomeView.swift */,
				F1E2D3C4B5A647899012340E /* FirstTimeUseView.swift */,
				F1E2D3C4B5A6478990123410 /* MakeupPreviewView.swift */,
				F1E2D3C4B5A6478990123412 /* PlaceholderTabView.swift */,
				9F010541023A46DDB0B9E925 /* ChatConversationView.swift */,
				CC14FEEA9B6F481CB0F42722 /* NegativeOneScreen01View.swift */,
				4B3E85DB8B214D02BFC42D7B /* NegativeOneScreen02View.swift */,
			);
			path = Views;
			sourceTree = "<group>";
		};
		B2025703D3F24F61988032A2 /* Resources */ = {
			isa = PBXGroup;
			children = (
				CB614DDD28CF4F778179F430 /* Assets.xcassets */,
			);
			path = Resources;
			sourceTree = "<group>";
		};
/* End PBXGroup section */

/* Begin PBXNativeTarget section */
		A10000000000000000000002 /* MakeupChat */ = {
			isa = PBXNativeTarget;
			buildConfigurationList = A10000000000000000000006 /* Build configuration list for PBXNativeTarget "MakeupChat" */;
			buildPhases = (
				A10000000000000000000003 /* Sources */,
				A10000000000000000000004 /* Resources */,
			);
			buildRules = (
			);
			dependencies = (
			);
			name = MakeupChat;
			productName = MakeupChat;
			productReference = A1000000000000000000000E /* MakeupChat.app */;
			productType = "com.apple.product-type.application";
		};
/* End PBXNativeTarget section */

/* Begin PBXProject section */
		A10000000000000000000001 /* Project object */ = {
			isa = PBXProject;
			attributes = {
				BuildIndependentTargetsInParallel = 1;
				LastSwiftUpdateCheck = 2600;
				LastUpgradeCheck = 2600;
				TargetAttributes = {
					A10000000000000000000002 = {
						CreatedOnToolsVersion = 26.0;
					};
				};
			};
			buildConfigurationList = A10000000000000000000005 /* Build configuration list for PBXProject "MakeupChat" */;
			compatibilityVersion = "Xcode 14.0";
			developmentRegion = "zh-Hans";
			hasScannedForEncodings = 0;
			knownRegions = (
				en,
				"zh-Hans",
				Base,
			);
			mainGroup = A1000000000000000000000B;
			productRefGroup = A1000000000000000000000C /* Products */;
			projectDirPath = "";
			projectRoot = "";
			targets = (
				A10000000000000000000002 /* MakeupChat */,
			);
		};
/* End PBXProject section */

/* Begin PBXResourcesBuildPhase section */
		A10000000000000000000004 /* Resources */ = {
			isa = PBXResourcesBuildPhase;
			buildActionMask = 2147483647;
			files = (
				44F0B9DB94704E6E9DF16510 /* Assets.xcassets in Resources */,
			);
			runOnlyForDeploymentPostprocessing = 0;
		};
/* End PBXResourcesBuildPhase section */

/* Begin PBXSourcesBuildPhase section */
		A10000000000000000000003 /* Sources */ = {
			isa = PBXSourcesBuildPhase;
			buildActionMask = 2147483647;
			files = (
				94C53D4F77D746FB9BA87AA2 /* MakeupChatApp.swift in Sources */,
				DA2C2791BB5442D0BC3BA009 /* ContentView.swift in Sources */,
				2523368BC39D4AB6B17EA273 /* ChatMessage.swift in Sources */,
				3E90D0F2006B4B9A9ADD93C5 /* Schema.swift in Sources */,
				694B445D13824FDF8809DAF4 /* DatabaseManager.swift in Sources */,
				3EC40817A317437E88E3C9D7 /* DatabaseSeeder.swift in Sources */,
				6D975E4BA6E64AA49E01264D /* UserRepository.swift in Sources */,
				79B2CFC26A394DD19A0A7364 /* ChatRepository.swift in Sources */,
				BB7B76350D6A421FA2DE6EF6 /* MakeupCatalogRepository.swift in Sources */,
				C69E9FEDF3C34DBA966B3A59 /* ChatSessionService.swift in Sources */,
				5047A9FA67F1474381C61E8C /* ChatViewModel.swift in Sources */,
				38B8CAAA82004DEF91EA858C /* GradientBackgroundView.swift in Sources */,
				DA668CE566084739B1A4EF2A /* ProfileHeaderView.swift in Sources */,
				A02CDA3485174786820EC531 /* TipBarView.swift in Sources */,
				53E8CBCCCF194C1BBF7E507A /* ChatBubbleView.swift in Sources */,
				F170284E0DE14C918272F301 /* MakeupInputBar.swift in Sources */,
				8F7E8139C1AA42BC9A33091F /* SuggestionChipsView.swift in Sources */,
				BAD3C7230D4B4DE88434B5F6 /* ChatConversationView.swift in Sources */,
				33EB2F8ABF91433891598ABC /* NegativeOneScreen01View.swift in Sources */,
				E06C3DDDD958474CB1AACA73 /* NegativeOneScreen02View.swift in Sources */,
				F1E2D3C4B5A6478990123401 /* AppSession.swift in Sources */,
				F1E2D3C4B5A6478990123403 /* CameraPickerView.swift in Sources */,
				F1E2D3C4B5A6478990123405 /* MakeupFlowHeaderView.swift in Sources */,
				F1E2D3C4B5A6478990123407 /* WeatherSummaryCard.swift in Sources */,
				F1E2D3C4B5A6478990123409 /* OnboardingStepRow.swift in Sources */,
				F1E2D3C4B5A647899012340B /* FaceScanService.swift in Sources */,
				F1E2D3C4B5A647899012340D /* HomeView.swift in Sources */,
				F1E2D3C4B5A647899012340F /* FirstTimeUseView.swift in Sources */,
				F1E2D3C4B5A6478990123411 /* MakeupPreviewView.swift in Sources */,
				F1E2D3C4B5A6478990123413 /* PlaceholderTabView.swift in Sources */,
			);
			runOnlyForDeploymentPostprocessing = 0;
		};
/* End PBXSourcesBuildPhase section */

/* Begin XCBuildConfiguration section */
		A10000000000000000000007 /* Debug */ = {
			isa = XCBuildConfiguration;
			buildSettings = {
				ALWAYS_SEARCH_USER_PATHS = NO;
				CLANG_ENABLE_MODULES = YES;
				COPY_PHASE_STRIP = NO;
				DEBUG_INFORMATION_FORMAT = dwarf;
				ENABLE_TESTABILITY = YES;
				GCC_OPTIMIZATION_LEVEL = 0;
				IPHONEOS_DEPLOYMENT_TARGET = 17.0;
				MTL_ENABLE_DEBUG_INFO = INCLUDE_SOURCE;
				ONLY_ACTIVE_ARCH = YES;
				SDKROOT = iphoneos;
				SWIFT_ACTIVE_COMPILATION_CONDITIONS = "DEBUG $(inherited)";
				SWIFT_VERSION = 5.0;
			};
			name = Debug;
		};
		A10000000000000000000008 /* Release */ = {
			isa = XCBuildConfiguration;
			buildSettings = {
				ALWAYS_SEARCH_USER_PATHS = NO;
				CLANG_ENABLE_MODULES = YES;
				COPY_PHASE_STRIP = NO;
				DEBUG_INFORMATION_FORMAT = dwarf;
				ENABLE_NS_ASSERTIONS = NO;
				SWIFT_COMPILATION_MODE = wholemodule;
				IPHONEOS_DEPLOYMENT_TARGET = 17.0;
				MTL_ENABLE_DEBUG_INFO = NO;
				ONLY_ACTIVE_ARCH = NO;
				SDKROOT = iphoneos;
				SWIFT_OPTIMIZATION_LEVEL = "-O";
				SWIFT_VERSION = 5.0;
			};
			name = Release;
		};
		A10000000000000000000009 /* Debug */ = {
			isa = XCBuildConfiguration;
			buildSettings = {
				ASSETCATALOG_COMPILER_APPICON_NAME = AppIcon;
				CODE_SIGN_STYLE = Automatic;
				CURRENT_PROJECT_VERSION = 1;
				DEVELOPMENT_TEAM = "";
				ENABLE_PREVIEWS = YES;
				GENERATE_INFOPLIST_FILE = YES;
				INFOPLIST_KEY_NSCameraUsageDescription = "需要使用相机扫描面部，建立您的专属用户档案。";
				INFOPLIST_KEY_UIApplicationSceneManifest_Generation = YES;
				INFOPLIST_KEY_UIApplicationSupportsIndirectInputEvents = YES;
				INFOPLIST_KEY_UILaunchScreen_Generation = YES;
				INFOPLIST_KEY_UISupportedInterfaceOrientations = UIInterfaceOrientationPortrait;
				IPHONEOS_DEPLOYMENT_TARGET = 17.0;
				MARKETING_VERSION = 1.0;
				OTHER_LDFLAGS = "-lsqlite3";
				PRODUCT_BUNDLE_IDENTIFIER = com.makeup.chat;
				PRODUCT_NAME = "$(TARGET_NAME)";
				SWIFT_EMIT_LOC_STRINGS = YES;
				SWIFT_VERSION = 5.0;
				TARGETED_DEVICE_FAMILY = 1;
			};
			name = Debug;
		};
		A1000000000000000000000A /* Release */ = {
			isa = XCBuildConfiguration;
			buildSettings = {
				ASSETCATALOG_COMPILER_APPICON_NAME = AppIcon;
				CODE_SIGN_STYLE = Automatic;
				CURRENT_PROJECT_VERSION = 1;
				DEVELOPMENT_TEAM = "";
				ENABLE_PREVIEWS = YES;
				GENERATE_INFOPLIST_FILE = YES;
				INFOPLIST_KEY_NSCameraUsageDescription = "需要使用相机扫描面部，建立您的专属用户档案。";
				INFOPLIST_KEY_UIApplicationSceneManifest_Generation = YES;
				INFOPLIST_KEY_UIApplicationSupportsIndirectInputEvents = YES;
				INFOPLIST_KEY_UILaunchScreen_Generation = YES;
				INFOPLIST_KEY_UISupportedInterfaceOrientations = UIInterfaceOrientationPortrait;
				IPHONEOS_DEPLOYMENT_TARGET = 17.0;
				MARKETING_VERSION = 1.0;
				OTHER_LDFLAGS = "-lsqlite3";
				PRODUCT_BUNDLE_IDENTIFIER = com.makeup.chat;
				PRODUCT_NAME = "$(TARGET_NAME)";
				SWIFT_EMIT_LOC_STRINGS = YES;
				SWIFT_VERSION = 5.0;
				TARGETED_DEVICE_FAMILY = 1;
			};
			name = Release;
		};
/* End XCBuildConfiguration section */

/* Begin XCConfigurationList section */
		A10000000000000000000005 /* Build configuration list for PBXProject "MakeupChat" */ = {
			isa = XCConfigurationList;
			buildConfigurations = (
				A10000000000000000000007 /* Debug */,
				A10000000000000000000008 /* Release */,
			);
			defaultConfigurationIsVisible = 0;
			defaultConfigurationName = Release;
		};
		A10000000000000000000006 /* Build configuration list for PBXProject "MakeupChat" */ = {
			isa = XCConfigurationList;
			buildConfigurations = (
				A10000000000000000000009 /* Debug */,
				A1000000000000000000000A /* Release */,
			);
			defaultConfigurationIsVisible = 0;
			defaultConfigurationName = Release;
		};
/* End XCConfigurationList section */
	};
	rootObject = A10000000000000000000001 /* Project object */;
}